<?xml version="1.0" encoding="utf-8"?>
<Project ToolsVersion="4.0" xmlns="http://schemas.microsoft.com/developer/msbuild/2003">
  <ItemGroup>
    <ClCompile Include="Actor.cpp">
      <Filter>Engine</Filter>
    </ClCompile>
    <ClCompile Include="Behavior.cpp">
      <Filter>Engine</Filter>
    </ClCompile>
    <ClCompile Include="AIComponent.cpp">
      <Filter>Engine\Components</Filter>
    </ClCompile>
    <ClCompile Include="BaseLogicComponent.cpp">
      <Filter>Engine\Components</Filter>
    </ClCompile>
    <ClCompile Include="GraphicsComponent.cpp">
      <Filter>Engine\Components</Filter>
    </ClCompile>
    <ClCompile Include="InputComponent.cpp">
      <Filter>Engine\Components</Filter>
    </ClCompile>
    <ClCompile Include="PhysicsComponent.cpp">
      <Filter>Engine\Components</Filter>
    </ClCompile>
    <ClCompile Include="TransformComponent.cpp">
      <Filter>Engine\Components</Filter>
    </ClCompile>
    <ClCompile Include="GraphicsManager.cpp">
      <Filter>Engine\Managers</Filter>
    </ClCompile>
    <ClCompile Include="InputManager.cpp">
      <Filter>Engine\Managers</Filter>
    </ClCompile>
    <ClCompile Include="PhysicsManager.cpp">
      <Filter>Engine\Managers</Filter>
    </ClCompile>
    <ClCompile Include="ActorFactory.cpp">
      <Filter>Game</Filter>
    </ClCompile>
    <ClCompile Include="GameActor.cpp">
      <Filter>Game</Filter>
    </ClCompile>
    <ClCompile Include="main.cpp">
      <Filter>Game</Filter>
    </ClCompile>
    <ClCompile Include="PlayerLogicComponent.cpp">
      <Filter>Game\Components</Filter>
    </ClCompile>
    <ClCompile Include="PlayerPhysicsComponent.cpp">
      <Filter>Game\Components</Filter>
    </ClCompile>
    <ClCompile Include="FollowTargetAIComponent.cpp">
      <Filter>Game\Components</Filter>
    </ClCompile>
    <ClCompile Include="World.cpp">
      <Filter>Engine</Filter>
    </ClCompile>
    <ClCompile Include="stb_image.cpp" />
    <ClCompile Include="Texture2D.cpp" />
    <ClCompile Include="SeekBehavior.cpp">
      <Filter>Game\Behaviors</Filter>
    </ClCompile>
  </ItemGroup>
  <ItemGroup>
    <ClInclude Include="Actor.h">
      <Filter>Engine</Filter>
    </ClInclude>
    <ClInclude Include="ActorComponent.h">
      <Filter>Engine\Components</Filter>
    </ClInclude>
    <ClInclude Include="Command.h">
      <Filter>Engine</Filter>
    </ClInclude>
    <ClInclude Include="Behavior.h">
      <Filter>Engine</Filter>
    </ClInclude>
    <ClInclude Include="AIComponent.h">
      <Filter>Engine\Components</Filter>
    </ClInclude>
    <ClInclude Include="BaseLogicComponent.h">
      <Filter>Engine\Components</Filter>
    </ClInclude>
    <ClInclude Include="GraphicsComponent.h">
      <Filter>Engine\Components</Filter>
    </ClInclude>
    <ClInclude Include="InputComponent.h">
      <Filter>Engine\Components</Filter>
    </ClInclude>
    <ClInclude Include="PhysicsComponent.h">
      <Filter>Engine\Components</Filter>
    </ClInclude>
    <ClInclude Include="TransformComponent.h">
      <Filter>Engine\Components</Filter>
    </ClInclude>
    <ClInclude Include="InputManager.h">
      <Filter>Engine\Managers</Filter>
    </ClInclude>
    <ClInclude Include="GraphicsManager.h">
      <Filter>Engine\Managers</Filter>
    </ClInclude>
    <ClInclude Include="PhysicsManager.h">
      <Filter>Engine\Managers</Filter>
    </ClInclude>
    <ClInclude Include="ActorFactory.h">
      <Filter>Game</Filter>
    </ClInclude>
    <ClInclude Include="GameActor.h">
      <Filter>Game</Filter>
    </ClInclude>
    <ClInclude Include="PlayerPhysicsComponent.h">
      <Filter>Game\Components</Filter>
    </ClInclude>
    <ClInclude Include="PlayerLogicComponent.h">
      <Filter>Game\Components</Filter>
    </ClInclude>
    <ClInclude Include="FollowTargetAIComponent.h">
      <Filter>Game\Components</Filter>
    </ClInclude>
    <ClInclude Include="SDLUtils.h">
      <Filter>Engine</Filter>
    </ClInclude>
    <ClInclude Include="Types.h">
      <Filter>Engine</Filter>
    </ClInclude>
    <ClInclude Include="Vector2D.h">
      <Filter>Engine</Filter>
    </ClInclude>
    <ClInclude Include="World.h">
      <Filter>Engine</Filter>
    </ClInclude>
    <ClInclude Include="Shader.h">
      <Filter>Engine</Filter>
    </ClInclude>
    <ClInclude Include="stb_image.h" />
    <ClInclude Include="Matrix4.h">
      <Filter>Engine</Filter>
    </ClInclude>
    <ClInclude Include="Texture2D.h" />
    <ClInclude Include="SeekBehavior.h">
      <Filter>Game\Behaviors</Filter>
    </ClInclude>
  </ItemGroup>
  <ItemGroup>
    <Filter Include="Game">
      <UniqueIdentifier>{62489d3f-95c6-4971-b6d7-d046f7f40060}</UniqueIdentifier>
    </Filter>
    <Filter Include="Engine">
      <UniqueIdentifier>{be002647-cc8c-49e6-8e47-8b20802d0f0c}</UniqueIdentifier>
    </Filter>
    <Filter Include="Game\Components">
      <UniqueIdentifier>{83719d49-3bde-4f4e-bea0-011ec7713d01}</UniqueIdentifier>
    </Filter>
    <Filter Include="Engine\Components">
      <UniqueIdentifier>{680753ed-415c-4236-ae85-3c514856d361}</UniqueIdentifier>
    </Filter>
    <Filter Include="Engine\Managers">
      <UniqueIdentifier>{0bb86f3f-c837-4df2-ace6-62f393c94d31}</UniqueIdentifier>
    </Filter>
    <Filter Include="Game\Behaviors">
      <UniqueIdentifier>{802c2fe3-f3b8-49b5-ad2f-cbe2243229ca}</UniqueIdentifier>
    </Filter>
  </ItemGroup>
  <ItemGroup>
    <None Include="BasicShader.vert">
      <Filter>Game</Filter>
    </None>
    <None Include="BasicShader.frag">
      <Filter>Game</Filter>
    </None>
  </ItemGroup>
</Project>