<?xml version="1.0" encoding="utf-8"?>
<Project ToolsVersion="4.0" xmlns="http://schemas.microsoft.com/developer/msbuild/2003">
  <ItemGroup>
    <Filter Include="Source Files">
      <UniqueIdentifier>{4FC737F1-C7A5-4376-A066-2A32D752A2FF}</UniqueIdentifier>
      <Extensions>cpp;c;cc;cxx;def;odl;idl;hpj;bat;asm;asmx</Extensions>
    </Filter>
    <Filter Include="Header Files">
      <UniqueIdentifier>{93995380-89BD-4b04-88EB-625FBE52EBFB}</UniqueIdentifier>
      <Extensions>h;hh;hpp;hxx;hm;inl;inc;xsd</Extensions>
    </Filter>
    <Filter Include="Resource Files">
      <UniqueIdentifier>{67DA6AB6-F800-4c08-8B7A-83BB121AAD01}</UniqueIdentifier>
      <Extensions>rc;ico;cur;bmp;dlg;rc2;rct;bin;rgs;gif;jpg;jpeg;jpe;resx;tiff;tif;png;wav;mfcribbon-ms</Extensions>
    </Filter>
    <Filter Include="Source Files\FlashLightTag">
      <UniqueIdentifier>{3a30ab17-631e-4cd1-91d9-d2f6d7c76269}</UniqueIdentifier>
    </Filter>
    <Filter Include="Header Files\FlashLightTag">
      <UniqueIdentifier>{bb26e4dc-63e6-4ed4-862e-5cbe3aa8e30c}</UniqueIdentifier>
    </Filter>
    <Filter Include="Header Files\FlashLightTag\Components">
      <UniqueIdentifier>{96c8e8a7-0b57-4c42-a8e6-b0e8b5a264ca}</UniqueIdentifier>
    </Filter>
    <Filter Include="Source Files\FlashLightTag\Components">
      <UniqueIdentifier>{ce1ff7ff-b889-4bfb-88c8-43d54582c3ca}</UniqueIdentifier>
    </Filter>
    <Filter Include="Source Files\FlashLightTag\Managers">
      <UniqueIdentifier>{4eddb056-5cbc-48ae-8943-41fc2a418db0}</UniqueIdentifier>
    </Filter>
    <Filter Include="Header Files\FlashLightTag\Managers">
      <UniqueIdentifier>{6f7e0755-4ac4-4792-bef3-7ac10e793405}</UniqueIdentifier>
    </Filter>
    <Filter Include="Header Files\FlashLightTag\Components\Actors">
      <UniqueIdentifier>{643c0f2e-8a85-44a7-bf99-e1f80e505453}</UniqueIdentifier>
    </Filter>
    <Filter Include="Source Files\FlashLightTag\Components\Actors">
      <UniqueIdentifier>{79de4fb6-6ad5-466d-8ec8-5071ec76afab}</UniqueIdentifier>
    </Filter>
  </ItemGroup>
  <ItemGroup>
    <ClCompile Include="main.cpp">
      <Filter>Source Files</Filter>
    </ClCompile>
    <ClCompile Include="Actor.cpp">
      <Filter>Source Files</Filter>
    </ClCompile>
    <ClCompile Include="ActorFactory.cpp">
      <Filter>Source Files</Filter>
    </ClCompile>
    <ClCompile Include="GameActor.cpp">
      <Filter>Source Files\FlashLightTag</Filter>
    </ClCompile>
    <ClCompile Include="Behavior.cpp">
      <Filter>Source Files\FlashLightTag</Filter>
    </ClCompile>
    <ClCompile Include="BaseLogicComponent.cpp">
      <Filter>Source Files\FlashLightTag\Components</Filter>
    </ClCompile>
    <ClCompile Include="InputComponent.cpp">
      <Filter>Source Files\FlashLightTag\Components</Filter>
    </ClCompile>
    <ClCompile Include="AIComponent.cpp">
      <Filter>Source Files\FlashLightTag\Components</Filter>
    </ClCompile>
    <ClCompile Include="GraphicsComponent.cpp">
      <Filter>Source Files\FlashLightTag\Components</Filter>
    </ClCompile>
    <ClCompile Include="World.cpp">
      <Filter>Source Files</Filter>
    </ClCompile>
    <ClCompile Include="FollowTargetAIComponent.cpp">
      <Filter>Source Files\FlashLightTag\Components</Filter>
    </ClCompile>
    <ClCompile Include="PhysicsComponent.cpp">
      <Filter>Source Files\FlashLightTag\Components</Filter>
    </ClCompile>
    <ClCompile Include="InputManager.cpp">
      <Filter>Source Files\FlashLightTag\Managers</Filter>
    </ClCompile>
    <ClCompile Include="GraphicsManager.cpp">
      <Filter>Source Files\FlashLightTag\Managers</Filter>
    </ClCompile>
    <ClCompile Include="PhysicsManager.cpp">
      <Filter>Source Files\FlashLightTag\Managers</Filter>
    </ClCompile>
    <ClCompile Include="TransformComponent.cpp">
      <Filter>Source Files\FlashLightTag\Components</Filter>
    </ClCompile>
    <ClCompile Include="PlayerLogicComponent.cpp">
      <Filter>Source Files\FlashLightTag\Components\Actors</Filter>
    </ClCompile>
  </ItemGroup>
  <ItemGroup>
    <ClInclude Include="Actor.h">
      <Filter>Header Files</Filter>
    </ClInclude>
    <ClInclude Include="ActorComponent.h">
      <Filter>Header Files</Filter>
    </ClInclude>
    <ClInclude Include="ActorFactory.h">
      <Filter>Header Files</Filter>
    </ClInclude>
    <ClInclude Include="Types.h">
      <Filter>Header Files</Filter>
    </ClInclude>
    <ClInclude Include="Command.h">
      <Filter>Header Files</Filter>
    </ClInclude>
    <ClInclude Include="GameActor.h">
      <Filter>Header Files\FlashLightTag</Filter>
    </ClInclude>
    <ClInclude Include="Behavior.h">
      <Filter>Header Files\FlashLightTag</Filter>
    </ClInclude>
    <ClInclude Include="InputComponent.h">
      <Filter>Header Files\FlashLightTag\Components</Filter>
    </ClInclude>
    <ClInclude Include="BaseLogicComponent.h">
      <Filter>Header Files\FlashLightTag\Components</Filter>
    </ClInclude>
    <ClInclude Include="AIComponent.h">
      <Filter>Header Files\FlashLightTag\Components</Filter>
    </ClInclude>
    <ClInclude Include="GraphicsComponent.h">
      <Filter>Header Files\FlashLightTag\Components</Filter>
    </ClInclude>
    <ClInclude Include="SDLUtils.h">
      <Filter>Header Files</Filter>
    </ClInclude>
    <ClInclude Include="Vector2D.h">
      <Filter>Header Files</Filter>
    </ClInclude>
    <ClInclude Include="World.h">
      <Filter>Header Files</Filter>
    </ClInclude>
    <ClInclude Include="FollowTargetAIComponent.h">
      <Filter>Header Files\FlashLightTag\Components</Filter>
    </ClInclude>
    <ClInclude Include="PhysicsComponent.h">
      <Filter>Header Files\FlashLightTag\Components</Filter>
    </ClInclude>
    <ClInclude Include="InputManager.h">
      <Filter>Header Files\FlashLightTag\Managers</Filter>
    </ClInclude>
    <ClInclude Include="GraphicsManager.h">
      <Filter>Header Files\FlashLightTag\Managers</Filter>
    </ClInclude>
    <ClInclude Include="PhysicsManager.h">
      <Filter>Header Files\FlashLightTag\Managers</Filter>
    </ClInclude>
    <ClInclude Include="TransformComponent.h">
      <Filter>Header Files\FlashLightTag\Components</Filter>
    </ClInclude>
    <ClInclude Include="PlayerLogicComponent.h">
      <Filter>Header Files\FlashLightTag\Components\Actors</Filter>
    </ClInclude>
  </ItemGroup>
</Project>