<?xml version="1.0" encoding="utf-8"?>
<Project ToolsVersion="4.0" xmlns="http://schemas.microsoft.com/developer/msbuild/2003">
  <ItemGroup>
    <Filter Include="Source Files">
      <UniqueIdentifier>{4FC737F1-C7A5-4376-A066-2A32D752A2FF}</UniqueIdentifier>
      <Extensions>cpp;c;cc;cxx;def;odl;idl;hpj;bat;asm;asmx</Extensions>
    </Filter>
    <Filter Include="Header Files">
      <UniqueIdentifier>{93995380-89BD-4b04-88EB-625FBE52EBFB}</UniqueIdentifier>
      <Extensions>h;hh;hpp;hxx;hm;inl;inc;xsd</Extensions>
    </Filter>
    <Filter Include="Resource Files">
      <UniqueIdentifier>{67DA6AB6-F800-4c08-8B7A-83BB121AAD01}</UniqueIdentifier>
      <Extensions>rc;ico;cur;bmp;dlg;rc2;rct;bin;rgs;gif;jpg;jpeg;jpe;resx;tiff;tif;png;wav;mfcribbon-ms</Extensions>
    </Filter>
    <Filter Include="Source Files\FlashLightTag">
      <UniqueIdentifier>{3a30ab17-631e-4cd1-91d9-d2f6d7c76269}</UniqueIdentifier>
    </Filter>
    <Filter Include="Header Files\FlashLightTag">
      <UniqueIdentifier>{bb26e4dc-63e6-4ed4-862e-5cbe3aa8e30c}</UniqueIdentifier>
    </Filter>
    <Filter Include="Header Files\FlashLightTag\Components">
      <UniqueIdentifier>{96c8e8a7-0b57-4c42-a8e6-b0e8b5a264ca}</UniqueIdentifier>
    </Filter>
    <Filter Include="Source Files\FlashLightTag\Components">
      <UniqueIdentifier>{ce1ff7ff-b889-4bfb-88c8-43d54582c3ca}</UniqueIdentifier>
    </Filter>
  </ItemGroup>
  <ItemGroup>
    <ClCompile Include="main.cpp">
      <Filter>Source Files</Filter>
    </ClCompile>
    <ClCompile Include="Actor.cpp">
      <Filter>Source Files</Filter>
    </ClCompile>
    <ClCompile Include="ActorFactory.cpp">
      <Filter>Source Files</Filter>
    </ClCompile>
    <ClCompile Include="GameActor.cpp">
      <Filter>Source Files\FlashLightTag</Filter>
    </ClCompile>
    <ClCompile Include="Behavior.cpp">
      <Filter>Source Files\FlashLightTag</Filter>
    </ClCompile>
    <ClCompile Include="BaseLogicComponent.cpp">
      <Filter>Source Files\FlashLightTag\Components</Filter>
    </ClCompile>
    <ClCompile Include="InputComponent.cpp">
      <Filter>Source Files\FlashLightTag\Components</Filter>
    </ClCompile>
  </ItemGroup>
  <ItemGroup>
    <ClInclude Include="Actor.h">
      <Filter>Header Files</Filter>
    </ClInclude>
    <ClInclude Include="ActorComponent.h">
      <Filter>Header Files</Filter>
    </ClInclude>
    <ClInclude Include="ActorFactory.h">
      <Filter>Header Files</Filter>
    </ClInclude>
    <ClInclude Include="Types.h">
      <Filter>Header Files</Filter>
    </ClInclude>
    <ClInclude Include="Command.h">
      <Filter>Header Files</Filter>
    </ClInclude>
    <ClInclude Include="GameActor.h">
      <Filter>Header Files\FlashLightTag</Filter>
    </ClInclude>
    <ClInclude Include="Behavior.h">
      <Filter>Header Files\FlashLightTag</Filter>
    </ClInclude>
    <ClInclude Include="InputComponent.h">
      <Filter>Header Files\FlashLightTag\Components</Filter>
    </ClInclude>
    <ClInclude Include="BaseLogicComponent.h">
      <Filter>Header Files\FlashLightTag\Components</Filter>
    </ClInclude>
  </ItemGroup>
</Project>